
Microsoft Visual Studio Solution File, Format Version 12.00
# Visual Studio 15
VisualStudioVersion = 15.0.27428.2002
MinimumVisualStudioVersion = 10.0.40219.1
Project("{FAE04EC0-301F-11D3-BF4B-00C04F79EFBC}") = "WizFDS", "wizFDS\WizFDS.csproj", "{13DAE5F7-C85B-40E7-9E2F-6163757D1454}"
EndProject
Project("{54435603-DBB4-11D2-8724-00A0C9A8B90C}") = "WizFDS Installer", "wizFDS Installer\wizFDS Installer.vdproj", "{A042776C-CE66-4562-9022-B3D5D16829B8}"
EndProject
Global
	GlobalSection(SolutionConfigurationPlatforms) = preSolution
		AutoCAD_Debug|Any CPU = AutoCAD_Debug|Any CPU
		AutoCAD_Debug|x64 = AutoCAD_Debug|x64
		AutoCAD_Release|Any CPU = AutoCAD_Release|Any CPU
		AutoCAD_Release|x64 = AutoCAD_Release|x64
		BricsCAD_Debug|Any CPU = BricsCAD_Debug|Any CPU
		BricsCAD_Debug|x64 = BricsCAD_Debug|x64
		BricsCAD_Release|Any CPU = BricsCAD_Release|Any CPU
		BricsCAD_Release|x64 = BricsCAD_Release|x64
	EndGlobalSection
	GlobalSection(ProjectConfigurationPlatforms) = postSolution
		{13DAE5F7-C85B-40E7-9E2F-6163757D1454}.AutoCAD_Debug|Any CPU.ActiveCfg = AutoCAD_Debug|Any CPU
		{13DAE5F7-C85B-40E7-9E2F-6163757D1454}.AutoCAD_Debug|Any CPU.Build.0 = AutoCAD_Debug|Any CPU
		{13DAE5F7-C85B-40E7-9E2F-6163757D1454}.AutoCAD_Debug|x64.ActiveCfg = AutoCAD_Debug|x64
		{13DAE5F7-C85B-40E7-9E2F-6163757D1454}.AutoCAD_Debug|x64.Build.0 = AutoCAD_Debug|x64
		{13DAE5F7-C85B-40E7-9E2F-6163757D1454}.AutoCAD_Release|Any CPU.ActiveCfg = AutoCAD_Release|Any CPU
		{13DAE5F7-C85B-40E7-9E2F-6163757D1454}.AutoCAD_Release|Any CPU.Build.0 = AutoCAD_Release|Any CPU
		{13DAE5F7-C85B-40E7-9E2F-6163757D1454}.AutoCAD_Release|x64.ActiveCfg = AutoCAD_Release|x64
		{13DAE5F7-C85B-40E7-9E2F-6163757D1454}.AutoCAD_Release|x64.Build.0 = AutoCAD_Release|x64
		{13DAE5F7-C85B-40E7-9E2F-6163757D1454}.BricsCAD_Debug|Any CPU.ActiveCfg = BricsCAD_Debug|Any CPU
		{13DAE5F7-C85B-40E7-9E2F-6163757D1454}.BricsCAD_Debug|Any CPU.Build.0 = BricsCAD_Debug|Any CPU
		{13DAE5F7-C85B-40E7-9E2F-6163757D1454}.BricsCAD_Debug|x64.ActiveCfg = BricsCAD_Debug|x64
		{13DAE5F7-C85B-40E7-9E2F-6163757D1454}.BricsCAD_Debug|x64.Build.0 = BricsCAD_Debug|x64
		{13DAE5F7-C85B-40E7-9E2F-6163757D1454}.BricsCAD_Release|Any CPU.ActiveCfg = BricsCAD_Release|Any CPU
		{13DAE5F7-C85B-40E7-9E2F-6163757D1454}.BricsCAD_Release|Any CPU.Build.0 = BricsCAD_Release|Any CPU
		{13DAE5F7-C85B-40E7-9E2F-6163757D1454}.BricsCAD_Release|x64.ActiveCfg = BricsCAD_Release|x64
		{13DAE5F7-C85B-40E7-9E2F-6163757D1454}.BricsCAD_Release|x64.Build.0 = BricsCAD_Release|x64
		{A042776C-CE66-4562-9022-B3D5D16829B8}.AutoCAD_Debug|Any CPU.ActiveCfg = AutoCAD_Debug
		{A042776C-CE66-4562-9022-B3D5D16829B8}.AutoCAD_Debug|x64.ActiveCfg = AutoCAD_Debug
		{A042776C-CE66-4562-9022-B3D5D16829B8}.AutoCAD_Debug|x64.Build.0 = AutoCAD_Debug
		{A042776C-CE66-4562-9022-B3D5D16829B8}.AutoCAD_Release|Any CPU.ActiveCfg = AutoCAD_Release
		{A042776C-CE66-4562-9022-B3D5D16829B8}.AutoCAD_Release|Any CPU.Build.0 = AutoCAD_Release
		{A042776C-CE66-4562-9022-B3D5D16829B8}.AutoCAD_Release|x64.ActiveCfg = AutoCAD_Release
		{A042776C-CE66-4562-9022-B3D5D16829B8}.AutoCAD_Release|x64.Build.0 = AutoCAD_Release
		{A042776C-CE66-4562-9022-B3D5D16829B8}.BricsCAD_Debug|Any CPU.ActiveCfg = BricsCAD_Debug
		{A042776C-CE66-4562-9022-B3D5D16829B8}.BricsCAD_Debug|x64.ActiveCfg = BricsCAD_Debug
		{A042776C-CE66-4562-9022-B3D5D16829B8}.BricsCAD_Debug|x64.Build.0 = BricsCAD_Debug
		{A042776C-CE66-4562-9022-B3D5D16829B8}.BricsCAD_Release|Any CPU.ActiveCfg = BricsCAD_Release
		{A042776C-CE66-4562-9022-B3D5D16829B8}.BricsCAD_Release|x64.ActiveCfg = BricsCAD_Release
		{A042776C-CE66-4562-9022-B3D5D16829B8}.BricsCAD_Release|x64.Build.0 = BricsCAD_Release
	EndGlobalSection
	GlobalSection(SolutionProperties) = preSolution
		HideSolutionNode = FALSE
	EndGlobalSection
	GlobalSection(ExtensibilityGlobals) = postSolution
		SolutionGuid = {CE5B4AE2-F394-4218-8791-51E90CCCCD29}
	EndGlobalSection
EndGlobal
